
Microsoft Visual Studio Solution File, Format Version 12.00
# Visual Studio Version 16
VisualStudioVersion = 16.0.29806.167
MinimumVisualStudioVersion = 10.0.40219.1
Project("{FAE04EC0-301F-11D3-BF4B-00C04F79EFBC}") = "Sete da sorte", "Sete da sorte\Sete da sorte.csproj", "{6C3DD582-C20F-4FD1-9E02-1E83E0006F7D}"
EndProject
Global
	GlobalSection(SolutionConfigurationPlatforms) = preSolution
		Debug|Any CPU = Debug|Any CPU
		Release|Any CPU = Release|Any CPU
	EndGlobalSection
	GlobalSection(ProjectConfigurationPlatforms) = postSolution
		{6C3DD582-C20F-4FD1-9E02-1E83E0006F7D}.Debug|Any CPU.ActiveCfg = Debug|Any CPU
		{6C3DD582-C20F-4FD1-9E02-1E83E0006F7D}.Debug|Any CPU.Build.0 = Debug|Any CPU
		{6C3DD582-C20F-4FD1-9E02-1E83E0006F7D}.Release|Any CPU.ActiveCfg = Release|Any CPU
		{6C3DD582-C20F-4FD1-9E02-1E83E0006F7D}.Release|Any CPU.Build.0 = Release|Any CPU
	EndGlobalSection
	GlobalSection(SolutionProperties) = preSolution
		HideSolutionNode = FALSE
	EndGlobalSection
	GlobalSection(ExtensibilityGlobals) = postSolution
		SolutionGuid = {2AD8DBF1-D79F-4088-8FE2-AF994E348E0B}
	EndGlobalSection
EndGlobal
